
Microsoft Visual Studio Solution File, Format Version 12.00
# Visual Studio Version 17
VisualStudioVersion = 17.4.33213.308
MinimumVisualStudioVersion = 10.0.40219.1
Project("{9A19103F-16F7-4668-BE54-9A1E7A4F7556}") = "GeneticTspSolver", "GeneticTspSolver\GeneticTspSolver.csproj", "{70509304-5BD7-447B-9322-FEBE9416202E}"
EndProject
Project("{2150E333-8FDC-42A3-9474-1A3956D46DE8}") = "ReplyChallenges", "ReplyChallenges", "{7DA6A39D-DD54-415F-90E5-991433AE21C5}"
EndProject
Project("{9A19103F-16F7-4668-BE54-9A1E7A4F7556}") = "ReplyChallenge2022", "ReplyChallenges\ReplyChallenge2022\ReplyChallenge2022.csproj", "{DD9159FE-9E38-4428-AFE8-E5A13CED01F2}"
EndProject
Project("{9A19103F-16F7-4668-BE54-9A1E7A4F7556}") = "ReplyChallenge2021", "ReplyChallenges\ReplyChallenge2021\ReplyChallenge2021.csproj", "{CA25E3D5-DC2C-4123-B388-08D4879856B0}"
EndProject
Project("{9A19103F-16F7-4668-BE54-9A1E7A4F7556}") = "ReplyChallenge2020", "ReplyChallenges\ReplyChallenge2020\ReplyChallenge2020.csproj", "{D22F89EA-C036-4206-BC49-DA9F6B6A7E87}"
EndProject
Project("{9A19103F-16F7-4668-BE54-9A1E7A4F7556}") = "ReplyChallenge2019", "ReplyChallenges\ReplyChallenge2019\ReplyChallenge2019.csproj", "{FE410C09-2BA4-479E-B4B4-D0F1C35F0142}"
EndProject
Project("{9A19103F-16F7-4668-BE54-9A1E7A4F7556}") = "ReplyChallenge2018", "ReplyChallenges\ReplyChallenge2018\ReplyChallenge2018.csproj", "{ED51148C-72F1-4CA3-804B-19DB4917B077}"
EndProject
Project("{9A19103F-16F7-4668-BE54-9A1E7A4F7556}") = "ReplyChallenge2018_Practice", "ReplyChallenges\ReplyChallenge2018_Practice\ReplyChallenge2018_Practice.csproj", "{64C006D3-9027-4619-8080-1D6A966A3122}"
EndProject
Project("{2150E333-8FDC-42A3-9474-1A3956D46DE8}") = "GoogleChallenges", "GoogleChallenges", "{859C7221-200B-486B-9EEE-BAFB0A206714}"
EndProject
Project("{2150E333-8FDC-42A3-9474-1A3956D46DE8}") = "WorldFinals", "WorldFinals", "{6261AE39-4EB6-40E2-AE8F-37BEF775C119}"
EndProject
Project("{2150E333-8FDC-42A3-9474-1A3956D46DE8}") = "QualificationRound", "QualificationRound", "{83939D09-09A0-4374-9FBF-880B4D2BA888}"
EndProject
Project("{2150E333-8FDC-42A3-9474-1A3956D46DE8}") = "PracticeRound", "PracticeRound", "{268D6C6E-C41A-4738-B952-7B0359BB3A0F}"
EndProject
Project("{9A19103F-16F7-4668-BE54-9A1E7A4F7556}") = "GoogleChallengePratice2022", "GoogleChallenges\PracticeRound\GoogleChallengePratice2022\GoogleChallengePratice2022.csproj", "{7F62F914-EFA6-49BE-A54C-6A98247CC3A5}"
EndProject
Project("{9A19103F-16F7-4668-BE54-9A1E7A4F7556}") = "GoogleChallengeQualification2022", "GoogleChallenges\QualificationRound\GoogleChallengeQualification2022\GoogleChallengeQualification2022.csproj", "{58C24C16-65E5-4515-9C70-1A6F209933D6}"
EndProject
Project("{9A19103F-16F7-4668-BE54-9A1E7A4F7556}") = "GoogleChallengeQualification2021", "GoogleChallenges\QualificationRound\GoogleChallengeQualification2021\GoogleChallengeQualification2021.csproj", "{BDB4297C-999E-4F10-96CD-6ABD14087287}"
EndProject
Project("{9A19103F-16F7-4668-BE54-9A1E7A4F7556}") = "GoogleChallengeQualification2020", "GoogleChallenges\QualificationRound\GoogleChallengeQualification2020\GoogleChallengeQualification2020.csproj", "{F724B48E-D436-4C0C-A5F5-7F41EA9A175F}"
EndProject
Project("{9A19103F-16F7-4668-BE54-9A1E7A4F7556}") = "GoogleChallengeQualification2019", "GoogleChallenges\QualificationRound\GoogleChallengeQualification2019\GoogleChallengeQualification2019.csproj", "{0AF19D94-E1F4-4B43-8B2F-A3492C32BBB8}"
EndProject
Project("{9A19103F-16F7-4668-BE54-9A1E7A4F7556}") = "GoogleChallengeQualification2018", "GoogleChallenges\QualificationRound\GoogleChallengeQualification2018\GoogleChallengeQualification2018.csproj", "{24935E86-864E-4A37-AC40-C5FFFD30B9F6}"
EndProject
Project("{9A19103F-16F7-4668-BE54-9A1E7A4F7556}") = "GoogleChallengeQualification2016", "GoogleChallenges\QualificationRound\GoogleChallengeQualification2016\GoogleChallengeQualification2016.csproj", "{42253872-51DA-4B74-8CCF-E628787FA3EF}"
EndProject
Project("{9A19103F-16F7-4668-BE54-9A1E7A4F7556}") = "GoogleChallengeQualification2015", "GoogleChallenges\QualificationRound\GoogleChallengeQualification2015\GoogleChallengeQualification2015.csproj", "{BEEE8F87-310F-426D-991E-2F0B9D137058}"
EndProject
Project("{9A19103F-16F7-4668-BE54-9A1E7A4F7556}") = "GoogleChallengeFinals2022", "GoogleChallenges\WorldFinals\GoogleChallengeFinals2022\GoogleChallengeFinals2022.csproj", "{350C037E-2B3C-4EA1-9940-8893D76878EC}"
EndProject
Project("{9A19103F-16F7-4668-BE54-9A1E7A4F7556}") = "GoogleChallengeFinals2021", "GoogleChallenges\WorldFinals\GoogleChallengeFinals2021\GoogleChallengeFinals2021.csproj", "{9E220E96-5D87-4C8A-9D48-1C3EC121612D}"
EndProject
Project("{9A19103F-16F7-4668-BE54-9A1E7A4F7556}") = "GoogleChallengeFinals2020", "GoogleChallenges\WorldFinals\GoogleChallengeFinals2020\GoogleChallengeFinals2020.csproj", "{93600DEE-8FE0-4CE0-AD0A-6A1A75410633}"
EndProject
Project("{9A19103F-16F7-4668-BE54-9A1E7A4F7556}") = "GoogleChallengeFinals2019", "GoogleChallenges\WorldFinals\GoogleChallengeFinals2019\GoogleChallengeFinals2019.csproj", "{0C102BA8-0502-4033-8F56-432419650B8B}"
EndProject
Project("{9A19103F-16F7-4668-BE54-9A1E7A4F7556}") = "GoogleChallengeFinals2018", "GoogleChallenges\WorldFinals\GoogleChallengeFinals2018\GoogleChallengeFinals2018.csproj", "{05CDE894-46EB-4457-B117-D038683B772D}"
EndProject
Project("{9A19103F-16F7-4668-BE54-9A1E7A4F7556}") = "GoogleChallengeFinals2017", "GoogleChallenges\WorldFinals\GoogleChallengeFinals2017\GoogleChallengeFinals2017.csproj", "{24AEED20-9D74-4EE9-B723-7B5A4477F2A8}"
EndProject
Project("{9A19103F-16F7-4668-BE54-9A1E7A4F7556}") = "GoogleChallengeFinals2016", "GoogleChallenges\WorldFinals\GoogleChallengeFinals2016\GoogleChallengeFinals2016.csproj", "{A19556CB-E97F-409B-825E-B0AA54CD88CF}"
EndProject
Project("{9A19103F-16F7-4668-BE54-9A1E7A4F7556}") = "GoogleChallengeFinals2015", "GoogleChallenges\WorldFinals\GoogleChallengeFinals2015\GoogleChallengeFinals2015.csproj", "{40096399-F348-4E13-9D35-B3846A69987D}"
EndProject
Project("{9A19103F-16F7-4668-BE54-9A1E7A4F7556}") = "GoogleChallengeFinals2014", "GoogleChallenges\WorldFinals\GoogleChallengeFinals2014\GoogleChallengeFinals2014.csproj", "{208E79A6-0E9D-4ACA-ADCF-5938E5302159}"
EndProject
Project("{2150E333-8FDC-42A3-9474-1A3956D46DE8}") = "Tests", "Tests", "{7A644FC3-1A5D-4E7E-B459-29F14CD978FC}"
EndProject
Project("{2150E333-8FDC-42A3-9474-1A3956D46DE8}") = "Benchmark", "Benchmark", "{3C1A7BC0-1E99-463B-9477-2D74FDED30D8}"
EndProject
Project("{9A19103F-16F7-4668-BE54-9A1E7A4F7556}") = "SolverTests", "Tests\SolverTests\SolverTests.csproj", "{32F262EE-97B0-4315-B65D-60C04A9EFF63}"
EndProject
Project("{9A19103F-16F7-4668-BE54-9A1E7A4F7556}") = "SolverBenchmark", "Benchmark\SolverBenchmark\SolverBenchmark.csproj", "{3845AEA5-84F5-4B7C-91F6-B6D6FA55FD7A}"
EndProject
Project("{FAE04EC0-301F-11D3-BF4B-00C04F79EFBC}") = "ReplyChallenge2017", "ReplyChallenges\ReplyChallenge2017\ReplyChallenge2017.csproj", "{9D67936A-7800-42AD-8109-24EA4C3AF718}"
EndProject
Project("{2150E333-8FDC-42A3-9474-1A3956D46DE8}") = "Elementi di soluzione", "Elementi di soluzione", "{4C76C52F-5B3B-47F2-B1D3-E1FA4AE82588}"
	ProjectSection(SolutionItems) = preProject
		README.md = README.md
	EndProjectSection
EndProject
Global
	GlobalSection(SolutionConfigurationPlatforms) = preSolution
		Debug|Any CPU = Debug|Any CPU
		Release|Any CPU = Release|Any CPU
	EndGlobalSection
	GlobalSection(ProjectConfigurationPlatforms) = postSolution
		{70509304-5BD7-447B-9322-FEBE9416202E}.Debug|Any CPU.ActiveCfg = Debug|Any CPU
		{70509304-5BD7-447B-9322-FEBE9416202E}.Debug|Any CPU.Build.0 = Debug|Any CPU
		{70509304-5BD7-447B-9322-FEBE9416202E}.Release|Any CPU.ActiveCfg = Release|Any CPU
		{70509304-5BD7-447B-9322-FEBE9416202E}.Release|Any CPU.Build.0 = Release|Any CPU
		{DD9159FE-9E38-4428-AFE8-E5A13CED01F2}.Debug|Any CPU.ActiveCfg = Debug|Any CPU
		{DD9159FE-9E38-4428-AFE8-E5A13CED01F2}.Debug|Any CPU.Build.0 = Debug|Any CPU
		{DD9159FE-9E38-4428-AFE8-E5A13CED01F2}.Release|Any CPU.ActiveCfg = Release|Any CPU
		{DD9159FE-9E38-4428-AFE8-E5A13CED01F2}.Release|Any CPU.Build.0 = Release|Any CPU
		{CA25E3D5-DC2C-4123-B388-08D4879856B0}.Debug|Any CPU.ActiveCfg = Debug|Any CPU
		{CA25E3D5-DC2C-4123-B388-08D4879856B0}.Debug|Any CPU.Build.0 = Debug|Any CPU
		{CA25E3D5-DC2C-4123-B388-08D4879856B0}.Release|Any CPU.ActiveCfg = Release|Any CPU
		{CA25E3D5-DC2C-4123-B388-08D4879856B0}.Release|Any CPU.Build.0 = Release|Any CPU
		{D22F89EA-C036-4206-BC49-DA9F6B6A7E87}.Debug|Any CPU.ActiveCfg = Debug|Any CPU
		{D22F89EA-C036-4206-BC49-DA9F6B6A7E87}.Debug|Any CPU.Build.0 = Debug|Any CPU
		{D22F89EA-C036-4206-BC49-DA9F6B6A7E87}.Release|Any CPU.ActiveCfg = Release|Any CPU
		{D22F89EA-C036-4206-BC49-DA9F6B6A7E87}.Release|Any CPU.Build.0 = Release|Any CPU
		{FE410C09-2BA4-479E-B4B4-D0F1C35F0142}.Debug|Any CPU.ActiveCfg = Debug|Any CPU
		{FE410C09-2BA4-479E-B4B4-D0F1C35F0142}.Debug|Any CPU.Build.0 = Debug|Any CPU
		{FE410C09-2BA4-479E-B4B4-D0F1C35F0142}.Release|Any CPU.ActiveCfg = Release|Any CPU
		{FE410C09-2BA4-479E-B4B4-D0F1C35F0142}.Release|Any CPU.Build.0 = Release|Any CPU
		{ED51148C-72F1-4CA3-804B-19DB4917B077}.Debug|Any CPU.ActiveCfg = Debug|Any CPU
		{ED51148C-72F1-4CA3-804B-19DB4917B077}.Debug|Any CPU.Build.0 = Debug|Any CPU
		{ED51148C-72F1-4CA3-804B-19DB4917B077}.Release|Any CPU.ActiveCfg = Release|Any CPU
		{ED51148C-72F1-4CA3-804B-19DB4917B077}.Release|Any CPU.Build.0 = Release|Any CPU
		{64C006D3-9027-4619-8080-1D6A966A3122}.Debug|Any CPU.ActiveCfg = Debug|Any CPU
		{64C006D3-9027-4619-8080-1D6A966A3122}.Debug|Any CPU.Build.0 = Debug|Any CPU
		{64C006D3-9027-4619-8080-1D6A966A3122}.Release|Any CPU.ActiveCfg = Release|Any CPU
		{64C006D3-9027-4619-8080-1D6A966A3122}.Release|Any CPU.Build.0 = Release|Any CPU
		{7F62F914-EFA6-49BE-A54C-6A98247CC3A5}.Debug|Any CPU.ActiveCfg = Debug|Any CPU
		{7F62F914-EFA6-49BE-A54C-6A98247CC3A5}.Debug|Any CPU.Build.0 = Debug|Any CPU
		{7F62F914-EFA6-49BE-A54C-6A98247CC3A5}.Release|Any CPU.ActiveCfg = Release|Any CPU
		{7F62F914-EFA6-49BE-A54C-6A98247CC3A5}.Release|Any CPU.Build.0 = Release|Any CPU
		{58C24C16-65E5-4515-9C70-1A6F209933D6}.Debug|Any CPU.ActiveCfg = Debug|Any CPU
		{58C24C16-65E5-4515-9C70-1A6F209933D6}.Debug|Any CPU.Build.0 = Debug|Any CPU
		{58C24C16-65E5-4515-9C70-1A6F209933D6}.Release|Any CPU.ActiveCfg = Release|Any CPU
		{58C24C16-65E5-4515-9C70-1A6F209933D6}.Release|Any CPU.Build.0 = Release|Any CPU
		{BDB4297C-999E-4F10-96CD-6ABD14087287}.Debug|Any CPU.ActiveCfg = Debug|Any CPU
		{BDB4297C-999E-4F10-96CD-6ABD14087287}.Debug|Any CPU.Build.0 = Debug|Any CPU
		{BDB4297C-999E-4F10-96CD-6ABD14087287}.Release|Any CPU.ActiveCfg = Release|Any CPU
		{BDB4297C-999E-4F10-96CD-6ABD14087287}.Release|Any CPU.Build.0 = Release|Any CPU
		{F724B48E-D436-4C0C-A5F5-7F41EA9A175F}.Debug|Any CPU.ActiveCfg = Debug|Any CPU
		{F724B48E-D436-4C0C-A5F5-7F41EA9A175F}.Debug|Any CPU.Build.0 = Debug|Any CPU
		{F724B48E-D436-4C0C-A5F5-7F41EA9A175F}.Release|Any CPU.ActiveCfg = Release|Any CPU
		{F724B48E-D436-4C0C-A5F5-7F41EA9A175F}.Release|Any CPU.Build.0 = Release|Any CPU
		{0AF19D94-E1F4-4B43-8B2F-A3492C32BBB8}.Debug|Any CPU.ActiveCfg = Debug|Any CPU
		{0AF19D94-E1F4-4B43-8B2F-A3492C32BBB8}.Debug|Any CPU.Build.0 = Debug|Any CPU
		{0AF19D94-E1F4-4B43-8B2F-A3492C32BBB8}.Release|Any CPU.ActiveCfg = Release|Any CPU
		{0AF19D94-E1F4-4B43-8B2F-A3492C32BBB8}.Release|Any CPU.Build.0 = Release|Any CPU
		{24935E86-864E-4A37-AC40-C5FFFD30B9F6}.Debug|Any CPU.ActiveCfg = Debug|Any CPU
		{24935E86-864E-4A37-AC40-C5FFFD30B9F6}.Debug|Any CPU.Build.0 = Debug|Any CPU
		{24935E86-864E-4A37-AC40-C5FFFD30B9F6}.Release|Any CPU.ActiveCfg = Release|Any CPU
		{24935E86-864E-4A37-AC40-C5FFFD30B9F6}.Release|Any CPU.Build.0 = Release|Any CPU
		{42253872-51DA-4B74-8CCF-E628787FA3EF}.Debug|Any CPU.ActiveCfg = Debug|Any CPU
		{42253872-51DA-4B74-8CCF-E628787FA3EF}.Debug|Any CPU.Build.0 = Debug|Any CPU
		{42253872-51DA-4B74-8CCF-E628787FA3EF}.Release|Any CPU.ActiveCfg = Release|Any CPU
		{42253872-51DA-4B74-8CCF-E628787FA3EF}.Release|Any CPU.Build.0 = Release|Any CPU
		{BEEE8F87-310F-426D-991E-2F0B9D137058}.Debug|Any CPU.ActiveCfg = Debug|Any CPU
		{BEEE8F87-310F-426D-991E-2F0B9D137058}.Debug|Any CPU.Build.0 = Debug|Any CPU
		{BEEE8F87-310F-426D-991E-2F0B9D137058}.Release|Any CPU.ActiveCfg = Release|Any CPU
		{BEEE8F87-310F-426D-991E-2F0B9D137058}.Release|Any CPU.Build.0 = Release|Any CPU
		{350C037E-2B3C-4EA1-9940-8893D76878EC}.Debug|Any CPU.ActiveCfg = Debug|Any CPU
		{350C037E-2B3C-4EA1-9940-8893D76878EC}.Debug|Any CPU.Build.0 = Debug|Any CPU
		{350C037E-2B3C-4EA1-9940-8893D76878EC}.Release|Any CPU.ActiveCfg = Release|Any CPU
		{350C037E-2B3C-4EA1-9940-8893D76878EC}.Release|Any CPU.Build.0 = Release|Any CPU
		{9E220E96-5D87-4C8A-9D48-1C3EC121612D}.Debug|Any CPU.ActiveCfg = Debug|Any CPU
		{9E220E96-5D87-4C8A-9D48-1C3EC121612D}.Debug|Any CPU.Build.0 = Debug|Any CPU
		{9E220E96-5D87-4C8A-9D48-1C3EC121612D}.Release|Any CPU.ActiveCfg = Release|Any CPU
		{9E220E96-5D87-4C8A-9D48-1C3EC121612D}.Release|Any CPU.Build.0 = Release|Any CPU
		{93600DEE-8FE0-4CE0-AD0A-6A1A75410633}.Debug|Any CPU.ActiveCfg = Debug|Any CPU
		{93600DEE-8FE0-4CE0-AD0A-6A1A75410633}.Debug|Any CPU.Build.0 = Debug|Any CPU
		{93600DEE-8FE0-4CE0-AD0A-6A1A75410633}.Release|Any CPU.ActiveCfg = Release|Any CPU
		{93600DEE-8FE0-4CE0-AD0A-6A1A75410633}.Release|Any CPU.Build.0 = Release|Any CPU
		{0C102BA8-0502-4033-8F56-432419650B8B}.Debug|Any CPU.ActiveCfg = Debug|Any CPU
		{0C102BA8-0502-4033-8F56-432419650B8B}.Debug|Any CPU.Build.0 = Debug|Any CPU
		{0C102BA8-0502-4033-8F56-432419650B8B}.Release|Any CPU.ActiveCfg = Release|Any CPU
		{0C102BA8-0502-4033-8F56-432419650B8B}.Release|Any CPU.Build.0 = Release|Any CPU
		{05CDE894-46EB-4457-B117-D038683B772D}.Debug|Any CPU.ActiveCfg = Debug|Any CPU
		{05CDE894-46EB-4457-B117-D038683B772D}.Debug|Any CPU.Build.0 = Debug|Any CPU
		{05CDE894-46EB-4457-B117-D038683B772D}.Release|Any CPU.ActiveCfg = Release|Any CPU
		{05CDE894-46EB-4457-B117-D038683B772D}.Release|Any CPU.Build.0 = Release|Any CPU
		{24AEED20-9D74-4EE9-B723-7B5A4477F2A8}.Debug|Any CPU.ActiveCfg = Debug|Any CPU
		{24AEED20-9D74-4EE9-B723-7B5A4477F2A8}.Debug|Any CPU.Build.0 = Debug|Any CPU
		{24AEED20-9D74-4EE9-B723-7B5A4477F2A8}.Release|Any CPU.ActiveCfg = Release|Any CPU
		{24AEED20-9D74-4EE9-B723-7B5A4477F2A8}.Release|Any CPU.Build.0 = Release|Any CPU
		{A19556CB-E97F-409B-825E-B0AA54CD88CF}.Debug|Any CPU.ActiveCfg = Debug|Any CPU
		{A19556CB-E97F-409B-825E-B0AA54CD88CF}.Debug|Any CPU.Build.0 = Debug|Any CPU
		{A19556CB-E97F-409B-825E-B0AA54CD88CF}.Release|Any CPU.ActiveCfg = Release|Any CPU
		{A19556CB-E97F-409B-825E-B0AA54CD88CF}.Release|Any CPU.Build.0 = Release|Any CPU
		{40096399-F348-4E13-9D35-B3846A69987D}.Debug|Any CPU.ActiveCfg = Debug|Any CPU
		{40096399-F348-4E13-9D35-B3846A69987D}.Debug|Any CPU.Build.0 = Debug|Any CPU
		{40096399-F348-4E13-9D35-B3846A69987D}.Release|Any CPU.ActiveCfg = Release|Any CPU
		{40096399-F348-4E13-9D35-B3846A69987D}.Release|Any CPU.Build.0 = Release|Any CPU
		{208E79A6-0E9D-4ACA-ADCF-5938E5302159}.Debug|Any CPU.ActiveCfg = Debug|Any CPU
		{208E79A6-0E9D-4ACA-ADCF-5938E5302159}.Debug|Any CPU.Build.0 = Debug|Any CPU
		{208E79A6-0E9D-4ACA-ADCF-5938E5302159}.Release|Any CPU.ActiveCfg = Release|Any CPU
		{208E79A6-0E9D-4ACA-ADCF-5938E5302159}.Release|Any CPU.Build.0 = Release|Any CPU
		{32F262EE-97B0-4315-B65D-60C04A9EFF63}.Debug|Any CPU.ActiveCfg = Debug|Any CPU
		{32F262EE-97B0-4315-B65D-60C04A9EFF63}.Debug|Any CPU.Build.0 = Debug|Any CPU
		{32F262EE-97B0-4315-B65D-60C04A9EFF63}.Release|Any CPU.ActiveCfg = Release|Any CPU
		{32F262EE-97B0-4315-B65D-60C04A9EFF63}.Release|Any CPU.Build.0 = Release|Any CPU
		{3845AEA5-84F5-4B7C-91F6-B6D6FA55FD7A}.Debug|Any CPU.ActiveCfg = Debug|Any CPU
		{3845AEA5-84F5-4B7C-91F6-B6D6FA55FD7A}.Debug|Any CPU.Build.0 = Debug|Any CPU
		{3845AEA5-84F5-4B7C-91F6-B6D6FA55FD7A}.Release|Any CPU.ActiveCfg = Release|Any CPU
		{3845AEA5-84F5-4B7C-91F6-B6D6FA55FD7A}.Release|Any CPU.Build.0 = Release|Any CPU
		{9D67936A-7800-42AD-8109-24EA4C3AF718}.Debug|Any CPU.ActiveCfg = Debug|Any CPU
		{9D67936A-7800-42AD-8109-24EA4C3AF718}.Debug|Any CPU.Build.0 = Debug|Any CPU
		{9D67936A-7800-42AD-8109-24EA4C3AF718}.Release|Any CPU.ActiveCfg = Release|Any CPU
		{9D67936A-7800-42AD-8109-24EA4C3AF718}.Release|Any CPU.Build.0 = Release|Any CPU
	EndGlobalSection
	GlobalSection(SolutionProperties) = preSolution
		HideSolutionNode = FALSE
	EndGlobalSection
	GlobalSection(NestedProjects) = preSolution
		{DD9159FE-9E38-4428-AFE8-E5A13CED01F2} = {7DA6A39D-DD54-415F-90E5-991433AE21C5}
		{CA25E3D5-DC2C-4123-B388-08D4879856B0} = {7DA6A39D-DD54-415F-90E5-991433AE21C5}
		{D22F89EA-C036-4206-BC49-DA9F6B6A7E87} = {7DA6A39D-DD54-415F-90E5-991433AE21C5}
		{FE410C09-2BA4-479E-B4B4-D0F1C35F0142} = {7DA6A39D-DD54-415F-90E5-991433AE21C5}
		{ED51148C-72F1-4CA3-804B-19DB4917B077} = {7DA6A39D-DD54-415F-90E5-991433AE21C5}
		{64C006D3-9027-4619-8080-1D6A966A3122} = {7DA6A39D-DD54-415F-90E5-991433AE21C5}
		{6261AE39-4EB6-40E2-AE8F-37BEF775C119} = {859C7221-200B-486B-9EEE-BAFB0A206714}
		{83939D09-09A0-4374-9FBF-880B4D2BA888} = {859C7221-200B-486B-9EEE-BAFB0A206714}
		{268D6C6E-C41A-4738-B952-7B0359BB3A0F} = {859C7221-200B-486B-9EEE-BAFB0A206714}
		{7F62F914-EFA6-49BE-A54C-6A98247CC3A5} = {268D6C6E-C41A-4738-B952-7B0359BB3A0F}
		{58C24C16-65E5-4515-9C70-1A6F209933D6} = {83939D09-09A0-4374-9FBF-880B4D2BA888}
		{BDB4297C-999E-4F10-96CD-6ABD14087287} = {83939D09-09A0-4374-9FBF-880B4D2BA888}
		{F724B48E-D436-4C0C-A5F5-7F41EA9A175F} = {83939D09-09A0-4374-9FBF-880B4D2BA888}
		{0AF19D94-E1F4-4B43-8B2F-A3492C32BBB8} = {83939D09-09A0-4374-9FBF-880B4D2BA888}
		{24935E86-864E-4A37-AC40-C5FFFD30B9F6} = {83939D09-09A0-4374-9FBF-880B4D2BA888}
		{42253872-51DA-4B74-8CCF-E628787FA3EF} = {83939D09-09A0-4374-9FBF-880B4D2BA888}
		{BEEE8F87-310F-426D-991E-2F0B9D137058} = {83939D09-09A0-4374-9FBF-880B4D2BA888}
		{350C037E-2B3C-4EA1-9940-8893D76878EC} = {6261AE39-4EB6-40E2-AE8F-37BEF775C119}
		{9E220E96-5D87-4C8A-9D48-1C3EC121612D} = {6261AE39-4EB6-40E2-AE8F-37BEF775C119}
		{93600DEE-8FE0-4CE0-AD0A-6A1A75410633} = {6261AE39-4EB6-40E2-AE8F-37BEF775C119}
		{0C102BA8-0502-4033-8F56-432419650B8B} = {6261AE39-4EB6-40E2-AE8F-37BEF775C119}
		{05CDE894-46EB-4457-B117-D038683B772D} = {6261AE39-4EB6-40E2-AE8F-37BEF775C119}
		{24AEED20-9D74-4EE9-B723-7B5A4477F2A8} = {6261AE39-4EB6-40E2-AE8F-37BEF775C119}
		{A19556CB-E97F-409B-825E-B0AA54CD88CF} = {6261AE39-4EB6-40E2-AE8F-37BEF775C119}
		{40096399-F348-4E13-9D35-B3846A69987D} = {6261AE39-4EB6-40E2-AE8F-37BEF775C119}
		{208E79A6-0E9D-4ACA-ADCF-5938E5302159} = {6261AE39-4EB6-40E2-AE8F-37BEF775C119}
		{32F262EE-97B0-4315-B65D-60C04A9EFF63} = {7A644FC3-1A5D-4E7E-B459-29F14CD978FC}
		{3845AEA5-84F5-4B7C-91F6-B6D6FA55FD7A} = {3C1A7BC0-1E99-463B-9477-2D74FDED30D8}
		{9D67936A-7800-42AD-8109-24EA4C3AF718} = {7DA6A39D-DD54-415F-90E5-991433AE21C5}
	EndGlobalSection
	GlobalSection(ExtensibilityGlobals) = postSolution
		SolutionGuid = {FABAFE28-9D66-4712-8512-22917CFFEE4A}
	EndGlobalSection
EndGlobal
